
Microsoft Visual Studio Solution File, Format Version 12.00
# Visual Studio Version 17
VisualStudioVersion = 17.5.33516.290
MinimumVisualStudioVersion = 10.0.40219.1
Project("{2150E333-8FDC-42A3-9474-1A3956D46DE8}") = "TodoList", "TodoList", "{B4C928C3-1A48-4C8F-8369-B3C41DE574F8}"
EndProject
Project("{2150E333-8FDC-42A3-9474-1A3956D46DE8}") = "src", "src", "{7DEEB1FC-8E94-4988-87BA-698FE8D4C744}"
EndProject
Project("{2150E333-8FDC-42A3-9474-1A3956D46DE8}") = "TodoList.Api", "TodoList.Api", "{CAAD24EC-3DB5-4816-9168-372AB1E80C0D}"
EndProject
Project("{FAE04EC0-301F-11D3-BF4B-00C04F79EFBC}") = "API", "API\API.csproj", "{2404E19F-C787-45A2-95D4-960D6FC49A62}"
EndProject
Project("{2150E333-8FDC-42A3-9474-1A3956D46DE8}") = "TodoList.Application", "TodoList.Application", "{F7AF7E77-DECC-4599-BBC3-133FA5AEE56F}"
EndProject
Project("{FAE04EC0-301F-11D3-BF4B-00C04F79EFBC}") = "DTOs", "DTOs\DTOs.csproj", "{A84A58D4-F0A5-4F9B-A9CC-1CDA15E2198D}"
EndProject
Project("{FAE04EC0-301F-11D3-BF4B-00C04F79EFBC}") = "Domain", "Domain\Domain.csproj", "{535A4E51-39ED-49F8-B1FB-33BD5746F463}"
EndProject
Project("{2150E333-8FDC-42A3-9474-1A3956D46DE8}") = "TodoList.Infrastructure", "TodoList.Infrastructure", "{95AB799B-9B63-4B4B-B84C-8E5239BB24EA}"
EndProject
Project("{FAE04EC0-301F-11D3-BF4B-00C04F79EFBC}") = "Data", "Data\Data.csproj", "{B086BFA6-CF4B-4E05-B2D9-73B7468A948C}"
EndProject
Project("{FAE04EC0-301F-11D3-BF4B-00C04F79EFBC}") = "Repositories", "Repositories\Repositories.csproj", "{7ADCCD4D-0AB6-48AD-A969-206DF695E067}"
EndProject
Global
	GlobalSection(SolutionConfigurationPlatforms) = preSolution
		Debug|Any CPU = Debug|Any CPU
		Release|Any CPU = Release|Any CPU
	EndGlobalSection
	GlobalSection(ProjectConfigurationPlatforms) = postSolution
		{2404E19F-C787-45A2-95D4-960D6FC49A62}.Debug|Any CPU.ActiveCfg = Debug|Any CPU
		{2404E19F-C787-45A2-95D4-960D6FC49A62}.Debug|Any CPU.Build.0 = Debug|Any CPU
		{2404E19F-C787-45A2-95D4-960D6FC49A62}.Release|Any CPU.ActiveCfg = Release|Any CPU
		{2404E19F-C787-45A2-95D4-960D6FC49A62}.Release|Any CPU.Build.0 = Release|Any CPU
		{A84A58D4-F0A5-4F9B-A9CC-1CDA15E2198D}.Debug|Any CPU.ActiveCfg = Debug|Any CPU
		{A84A58D4-F0A5-4F9B-A9CC-1CDA15E2198D}.Debug|Any CPU.Build.0 = Debug|Any CPU
		{A84A58D4-F0A5-4F9B-A9CC-1CDA15E2198D}.Release|Any CPU.ActiveCfg = Release|Any CPU
		{A84A58D4-F0A5-4F9B-A9CC-1CDA15E2198D}.Release|Any CPU.Build.0 = Release|Any CPU
		{535A4E51-39ED-49F8-B1FB-33BD5746F463}.Debug|Any CPU.ActiveCfg = Debug|Any CPU
		{535A4E51-39ED-49F8-B1FB-33BD5746F463}.Debug|Any CPU.Build.0 = Debug|Any CPU
		{535A4E51-39ED-49F8-B1FB-33BD5746F463}.Release|Any CPU.ActiveCfg = Release|Any CPU
		{535A4E51-39ED-49F8-B1FB-33BD5746F463}.Release|Any CPU.Build.0 = Release|Any CPU
		{B086BFA6-CF4B-4E05-B2D9-73B7468A948C}.Debug|Any CPU.ActiveCfg = Debug|Any CPU
		{B086BFA6-CF4B-4E05-B2D9-73B7468A948C}.Debug|Any CPU.Build.0 = Debug|Any CPU
		{B086BFA6-CF4B-4E05-B2D9-73B7468A948C}.Release|Any CPU.ActiveCfg = Release|Any CPU
		{B086BFA6-CF4B-4E05-B2D9-73B7468A948C}.Release|Any CPU.Build.0 = Release|Any CPU
		{7ADCCD4D-0AB6-48AD-A969-206DF695E067}.Debug|Any CPU.ActiveCfg = Debug|Any CPU
		{7ADCCD4D-0AB6-48AD-A969-206DF695E067}.Debug|Any CPU.Build.0 = Debug|Any CPU
		{7ADCCD4D-0AB6-48AD-A969-206DF695E067}.Release|Any CPU.ActiveCfg = Release|Any CPU
		{7ADCCD4D-0AB6-48AD-A969-206DF695E067}.Release|Any CPU.Build.0 = Release|Any CPU
	EndGlobalSection
	GlobalSection(SolutionProperties) = preSolution
		HideSolutionNode = FALSE
	EndGlobalSection
	GlobalSection(NestedProjects) = preSolution
		{7DEEB1FC-8E94-4988-87BA-698FE8D4C744} = {B4C928C3-1A48-4C8F-8369-B3C41DE574F8}
		{CAAD24EC-3DB5-4816-9168-372AB1E80C0D} = {7DEEB1FC-8E94-4988-87BA-698FE8D4C744}
		{2404E19F-C787-45A2-95D4-960D6FC49A62} = {CAAD24EC-3DB5-4816-9168-372AB1E80C0D}
		{F7AF7E77-DECC-4599-BBC3-133FA5AEE56F} = {7DEEB1FC-8E94-4988-87BA-698FE8D4C744}
		{A84A58D4-F0A5-4F9B-A9CC-1CDA15E2198D} = {F7AF7E77-DECC-4599-BBC3-133FA5AEE56F}
		{535A4E51-39ED-49F8-B1FB-33BD5746F463} = {F7AF7E77-DECC-4599-BBC3-133FA5AEE56F}
		{95AB799B-9B63-4B4B-B84C-8E5239BB24EA} = {7DEEB1FC-8E94-4988-87BA-698FE8D4C744}
		{B086BFA6-CF4B-4E05-B2D9-73B7468A948C} = {95AB799B-9B63-4B4B-B84C-8E5239BB24EA}
		{7ADCCD4D-0AB6-48AD-A969-206DF695E067} = {95AB799B-9B63-4B4B-B84C-8E5239BB24EA}
	EndGlobalSection
	GlobalSection(ExtensibilityGlobals) = postSolution
		SolutionGuid = {3AFFE639-2633-45EC-86C0-AA54D6904214}
	EndGlobalSection
EndGlobal
